{
  "name": "opencart",
  "version": "1.0.0",
  "lockfileVersion": 2,
  "requires": true,
  "packages": {
    "": {
      "name": "opencart",
      "version": "1.0.0",
      "license": "ISC",
      "dependencies": {
        "cypress-xpath": "^1.6.2"
      },
      "devDependencies": {
        "@types/cypress-cucumber-preprocessor": "^4.0.1"
      }
    },
    "node_modules/@types/cypress-cucumber-preprocessor": {
      "version": "4.0.1",
      "resolved": "https://registry.npmjs.org/@types/cypress-cucumber-preprocessor/-/cypress-cucumber-preprocessor-4.0.1.tgz",
      "integrity": "sha512-sK2/uU5CtmJ51zo0JF2Lc4iSw9Fy3xn9ewfewuooV5Qmeb5O+brAHuoXKMV7UWwRbBmd+txhAXAJoi4S5QLDRQ==",
      "dev": true
    },
    "node_modules/cypress-xpath": {
      "version": "1.6.2",
      "resolved": "https://registry.npmjs.org/cypress-xpath/-/cypress-xpath-1.6.2.tgz",
      "integrity": "sha512-mtwJPl840GQPGtb480fKR5vDIcijBHhAVwby5/AIPIT/UVT7UJhM2L42/R+venR7N01I0PoOJErb6UiMbCyUxg=="
    }
  },
  "dependencies": {
    "@types/cypress-cucumber-preprocessor": {
      "version": "4.0.1",
      "resolved": "https://registry.npmjs.org/@types/cypress-cucumber-preprocessor/-/cypress-cucumber-preprocessor-4.0.1.tgz",
      "integrity": "sha512-sK2/uU5CtmJ51zo0JF2Lc4iSw9Fy3xn9ewfewuooV5Qmeb5O+brAHuoXKMV7UWwRbBmd+txhAXAJoi4S5QLDRQ==",
      "dev": true
    },
    "cypress-xpath": {
      "version": "1.6.2",
      "resolved": "https://registry.npmjs.org/cypress-xpath/-/cypress-xpath-1.6.2.tgz",
      "integrity": "sha512-mtwJPl840GQPGtb480fKR5vDIcijBHhAVwby5/AIPIT/UVT7UJhM2L42/R+venR7N01I0PoOJErb6UiMbCyUxg=="
    }
  }
}
